// !$*UTF8*$!
{
	archiveVersion = 1;
	classes = {
	};
	objectVersion = 46;
	objects = {

/* Begin PBXBuildFile section */
		688D26B31D11FD370056DA1A /* AppDelegate.swift in Sources */ = {isa = PBXBuildFile; fileRef = 688D26B21D11FD370056DA1A /* AppDelegate.swift */; };
		688D26B51D11FD370056DA1A /* ViewController.swift in Sources */ = {isa = PBXBuildFile; fileRef = 688D26B41D11FD370056DA1A /* ViewController.swift */; };
		688D26B81D11FD370056DA1A /* Main.storyboard in Resources */ = {isa = PBXBuildFile; fileRef = 688D26B61D11FD370056DA1A /* Main.storyboard */; };
		688D26BA1D11FD370056DA1A /* Assets.xcassets in Resources */ = {isa = PBXBuildFile; fileRef = 688D26B91D11FD370056DA1A /* Assets.xcassets */; };
		688D26BD1D11FD370056DA1A /* LaunchScreen.storyboard in Resources */ = {isa = PBXBuildFile; fileRef = 688D26BB1D11FD370056DA1A /* LaunchScreen.storyboard */; };
		688D26C91D11FD5B0056DA1A /* Stickers.xcassets in Resources */ = {isa = PBXBuildFile; fileRef = 688D26C81D11FD5B0056DA1A /* Stickers.xcassets */; };
		688D26CD1D11FD5B0056DA1A /* DespicableMe-Stickers.appex in Embed App Extensions */ = {isa = PBXBuildFile; fileRef = 688D26C61D11FD5B0056DA1A /* DespicableMe-Stickers.appex */; settings = {ATTRIBUTES = (RemoveHeadersOnCopy, ); }; };
		689270661D138338005E8949 /* StickerCell.swift in Sources */ = {isa = PBXBuildFile; fileRef = 689270651D138338005E8949 /* StickerCell.swift */; };
		68F206681D125DD30077C010 /* Messages.framework in Frameworks */ = {isa = PBXBuildFile; fileRef = 68F206671D125DD30077C010 /* Messages.framework */; };
		68F2066B1D125DD30077C010 /* MessagesViewController.swift in Sources */ = {isa = PBXBuildFile; fileRef = 68F2066A1D125DD30077C010 /* MessagesViewController.swift */; };
		68F2066E1D125DD30077C010 /* MainInterface.storyboard in Resources */ = {isa = PBXBuildFile; fileRef = 68F2066C1D125DD30077C010 /* MainInterface.storyboard */; };
		68F206701D125DD30077C010 /* Assets.xcassets in Resources */ = {isa = PBXBuildFile; fileRef = 68F2066F1D125DD30077C010 /* Assets.xcassets */; };
		68F206741D125DD30077C010 /* Custom-Sticker.appex in Embed App Extensions */ = {isa = PBXBuildFile; fileRef = 68F206651D125DD30077C010 /* Custom-Sticker.appex */; settings = {ATTRIBUTES = (RemoveHeadersOnCopy, ); }; };
/* End PBXBuildFile section */

/* Begin PBXContainerItemProxy section */
		688D26CB1D11FD5B0056DA1A /* PBXContainerItemProxy */ = {
			isa = PBXContainerItemProxy;
			containerPortal = 688D26A71D11FD370056DA1A /* Project object */;
			proxyType = 1;
			remoteGlobalIDString = 688D26C51D11FD5B0056DA1A;
			remoteInfo = "DespicableMe-Stickers";
		};
		68F206721D125DD30077C010 /* PBXContainerItemProxy */ = {
			isa = PBXContainerItemProxy;
			containerPortal = 688D26A71D11FD370056DA1A /* Project object */;
			proxyType = 1;
			remoteGlobalIDString = 68F206641D125DD30077C010;
			remoteInfo = "Custom-Sticker";
		};
/* End PBXContainerItemProxy section */

/* Begin PBXCopyFilesBuildPhase section */
		688D26D11D11FD5B0056DA1A /* Embed App Extensions */ = {
			isa = PBXCopyFilesBuildPhase;
			buildActionMask = 2147483647;
			dstPath = "";
			dstSubfolderSpec = 13;
			files = (
				688D26CD1D11FD5B0056DA1A /* DespicableMe-Stickers.appex in Embed App Extensions */,
				68F206741D125DD30077C010 /* Custom-Sticker.appex in Embed App Extensions */,
			);
			name = "Embed App Extensions";
			runOnlyForDeploymentPostprocessing = 0;
		};
/* End PBXCopyFilesBuildPhase section */

/* Begin PBXFileReference section */
		688D26AF1D11FD370056DA1A /* iMessage-Framework-Sampler.app */ = {isa = PBXFileReference; explicitFileType = wrapper.application; includeInIndex = 0; path = "iMessage-Framework-Sampler.app"; sourceTree = BUILT_PRODUCTS_DIR; };
		688D26B21D11FD370056DA1A /* AppDelegate.swift */ = {isa = PBXFileReference; lastKnownFileType = sourcecode.swift; path = AppDelegate.swift; sourceTree = "<group>"; };
		688D26B41D11FD370056DA1A /* ViewController.swift */ = {isa = PBXFileReference; lastKnownFileType = sourcecode.swift; path = ViewController.swift; sourceTree = "<group>"; };
		688D26B71D11FD370056DA1A /* Base */ = {isa = PBXFileReference; lastKnownFileType = file.storyboard; name = Base; path = Base.lproj/Main.storyboard; sourceTree = "<group>"; };
		688D26B91D11FD370056DA1A /* Assets.xcassets */ = {isa = PBXFileReference; lastKnownFileType = folder.assetcatalog; path = Assets.xcassets; sourceTree = "<group>"; };
		688D26BC1D11FD370056DA1A /* Base */ = {isa = PBXFileReference; lastKnownFileType = file.storyboard; name = Base; path = Base.lproj/LaunchScreen.storyboard; sourceTree = "<group>"; };
		688D26BE1D11FD370056DA1A /* Info.plist */ = {isa = PBXFileReference; lastKnownFileType = text.plist.xml; path = Info.plist; sourceTree = "<group>"; };
		688D26C61D11FD5B0056DA1A /* DespicableMe-Stickers.appex */ = {isa = PBXFileReference; explicitFileType = "wrapper.app-extension"; includeInIndex = 0; path = "DespicableMe-Stickers.appex"; sourceTree = BUILT_PRODUCTS_DIR; };
		688D26C81D11FD5B0056DA1A /* Stickers.xcassets */ = {isa = PBXFileReference; lastKnownFileType = folder.assetcatalog; path = Stickers.xcassets; sourceTree = "<group>"; };
		688D26CA1D11FD5B0056DA1A /* Info.plist */ = {isa = PBXFileReference; lastKnownFileType = text.plist.xml; path = Info.plist; sourceTree = "<group>"; };
		689270651D138338005E8949 /* StickerCell.swift */ = {isa = PBXFileReference; fileEncoding = 4; lastKnownFileType = sourcecode.swift; path = StickerCell.swift; sourceTree = "<group>"; };
		68F206651D125DD30077C010 /* Custom-Sticker.appex */ = {isa = PBXFileReference; explicitFileType = "wrapper.app-extension"; includeInIndex = 0; path = "Custom-Sticker.appex"; sourceTree = BUILT_PRODUCTS_DIR; };
		68F206671D125DD30077C010 /* Messages.framework */ = {isa = PBXFileReference; lastKnownFileType = wrapper.framework; name = Messages.framework; path = System/Library/Frameworks/Messages.framework; sourceTree = SDKROOT; };
		68F2066A1D125DD30077C010 /* MessagesViewController.swift */ = {isa = PBXFileReference; lastKnownFileType = sourcecode.swift; path = MessagesViewController.swift; sourceTree = "<group>"; };
		68F2066D1D125DD30077C010 /* Base */ = {isa = PBXFileReference; lastKnownFileType = file.storyboard; name = Base; path = Base.lproj/MainInterface.storyboard; sourceTree = "<group>"; };
		68F2066F1D125DD30077C010 /* Assets.xcassets */ = {isa = PBXFileReference; lastKnownFileType = folder.assetcatalog; path = Assets.xcassets; sourceTree = "<group>"; };
		68F206711D125DD30077C010 /* Info.plist */ = {isa = PBXFileReference; lastKnownFileType = text.plist.xml; path = Info.plist; sourceTree = "<group>"; };
/* End PBXFileReference section */

/* Begin PBXFrameworksBuildPhase section */
		688D26AC1D11FD370056DA1A /* Frameworks */ = {
			isa = PBXFrameworksBuildPhase;
			buildActionMask = 2147483647;
			files = (
			);
			runOnlyForDeploymentPostprocessing = 0;
		};
		68F206621D125DD30077C010 /* Frameworks */ = {
			isa = PBXFrameworksBuildPhase;
			buildActionMask = 2147483647;
			files = (
				68F206681D125DD30077C010 /* Messages.framework in Frameworks */,
			);
			runOnlyForDeploymentPostprocessing = 0;
		};
/* End PBXFrameworksBuildPhase section */

/* Begin PBXGroup section */
		688D26A61D11FD370056DA1A = {
			isa = PBXGroup;
			children = (
				688D26B11D11FD370056DA1A /* iMessage-Framework-Sampler */,
				688D26C71D11FD5B0056DA1A /* DespicableMe-Stickers */,
				68F206691D125DD30077C010 /* Custom-Sticker */,
				68F206661D125DD30077C010 /* Frameworks */,
				688D26B01D11FD370056DA1A /* Products */,
			);
			sourceTree = "<group>";
		};
		688D26B01D11FD370056DA1A /* Products */ = {
			isa = PBXGroup;
			children = (
				688D26AF1D11FD370056DA1A /* iMessage-Framework-Sampler.app */,
				688D26C61D11FD5B0056DA1A /* DespicableMe-Stickers.appex */,
				68F206651D125DD30077C010 /* Custom-Sticker.appex */,
			);
			name = Products;
			sourceTree = "<group>";
		};
		688D26B11D11FD370056DA1A /* iMessage-Framework-Sampler */ = {
			isa = PBXGroup;
			children = (
				688D26B21D11FD370056DA1A /* AppDelegate.swift */,
				688D26B41D11FD370056DA1A /* ViewController.swift */,
				688D26B61D11FD370056DA1A /* Main.storyboard */,
				688D26B91D11FD370056DA1A /* Assets.xcassets */,
				688D26BB1D11FD370056DA1A /* LaunchScreen.storyboard */,
				688D26BE1D11FD370056DA1A /* Info.plist */,
			);
			path = "iMessage-Framework-Sampler";
			sourceTree = "<group>";
		};
		688D26C71D11FD5B0056DA1A /* DespicableMe-Stickers */ = {
			isa = PBXGroup;
			children = (
				688D26C81D11FD5B0056DA1A /* Stickers.xcassets */,
				688D26CA1D11FD5B0056DA1A /* Info.plist */,
			);
			path = "DespicableMe-Stickers";
			sourceTree = "<group>";
		};
		68F206661D125DD30077C010 /* Frameworks */ = {
			isa = PBXGroup;
			children = (
				68F206671D125DD30077C010 /* Messages.framework */,
			);
			name = Frameworks;
			sourceTree = "<group>";
		};
		68F206691D125DD30077C010 /* Custom-Sticker */ = {
			isa = PBXGroup;
			children = (
				68F2066A1D125DD30077C010 /* MessagesViewController.swift */,
				68F2066C1D125DD30077C010 /* MainInterface.storyboard */,
				68F2066F1D125DD30077C010 /* Assets.xcassets */,
				68F206711D125DD30077C010 /* Info.plist */,
				689270651D138338005E8949 /* StickerCell.swift */,
			);
			path = "Custom-Sticker";
			sourceTree = "<group>";
		};
/* End PBXGroup section */

/* Begin PBXNativeTarget section */
		688D26AE1D11FD370056DA1A /* iMessage-Framework-Sampler */ = {
			isa = PBXNativeTarget;
			buildConfigurationList = 688D26C11D11FD370056DA1A /* Build configuration list for PBXNativeTarget "iMessage-Framework-Sampler" */;
			buildPhases = (
				688D26AB1D11FD370056DA1A /* Sources */,
				688D26AC1D11FD370056DA1A /* Frameworks */,
				688D26AD1D11FD370056DA1A /* Resources */,
				688D26D11D11FD5B0056DA1A /* Embed App Extensions */,
			);
			buildRules = (
			);
			dependencies = (
				688D26CC1D11FD5B0056DA1A /* PBXTargetDependency */,
				68F206731D125DD30077C010 /* PBXTargetDependency */,
			);
			name = "iMessage-Framework-Sampler";
			productName = "iMessage-Framework-Sampler";
			productReference = 688D26AF1D11FD370056DA1A /* iMessage-Framework-Sampler.app */;
			productType = "com.apple.product-type.application";
		};
		688D26C51D11FD5B0056DA1A /* DespicableMe-Stickers */ = {
			isa = PBXNativeTarget;
			buildConfigurationList = 688D26CE1D11FD5B0056DA1A /* Build configuration list for PBXNativeTarget "DespicableMe-Stickers" */;
			buildPhases = (
				688D26C41D11FD5B0056DA1A /* Resources */,
			);
			buildRules = (
			);
			dependencies = (
			);
			name = "DespicableMe-Stickers";
			productName = "DespicableMe-Stickers";
			productReference = 688D26C61D11FD5B0056DA1A /* DespicableMe-Stickers.appex */;
			productType = "com.apple.product-type.app-extension.messages-sticker-pack";
		};
		68F206641D125DD30077C010 /* Custom-Sticker */ = {
			isa = PBXNativeTarget;
			buildConfigurationList = 68F206771D125DD30077C010 /* Build configuration list for PBXNativeTarget "Custom-Sticker" */;
			buildPhases = (
				68F206611D125DD30077C010 /* Sources */,
				68F206621D125DD30077C010 /* Frameworks */,
				68F206631D125DD30077C010 /* Resources */,
			);
			buildRules = (
			);
			dependencies = (
			);
			name = "Custom-Sticker";
			productName = "Custom-Sticker";
			productReference = 68F206651D125DD30077C010 /* Custom-Sticker.appex */;
			productType = "com.apple.product-type.app-extension.messages";
		};
/* End PBXNativeTarget section */

/* Begin PBXProject section */
		688D26A71D11FD370056DA1A /* Project object */ = {
			isa = PBXProject;
			attributes = {
				LastSwiftUpdateCheck = 0800;
				LastUpgradeCheck = 0800;
				ORGANIZATIONNAME = "Poojan Jhaveri";
				TargetAttributes = {
					688D26AE1D11FD370056DA1A = {
						CreatedOnToolsVersion = 8.0;
						DevelopmentTeam = 6HTTB3677F;
						DevelopmentTeamName = "Poojan jhaveri (Personal Team)";
						ProvisioningStyle = Automatic;
					};
					688D26C51D11FD5B0056DA1A = {
						CreatedOnToolsVersion = 8.0;
						DevelopmentTeam = 6HTTB3677F;
						DevelopmentTeamName = "Poojan jhaveri (Personal Team)";
						ProvisioningStyle = Automatic;
					};
					68F206641D125DD30077C010 = {
						CreatedOnToolsVersion = 8.0;
						DevelopmentTeam = 6HTTB3677F;
						DevelopmentTeamName = "Poojan jhaveri (Personal Team)";
						ProvisioningStyle = Automatic;
					};
				};
			};
			buildConfigurationList = 688D26AA1D11FD370056DA1A /* Build configuration list for PBXProject "iMessage-Framework-Sampler" */;
			compatibilityVersion = "Xcode 3.2";
			developmentRegion = English;
			hasScannedForEncodings = 0;
			knownRegions = (
				en,
				Base,
			);
			mainGroup = 688D26A61D11FD370056DA1A;
			productRefGroup = 688D26B01D11FD370056DA1A /* Products */;
			projectDirPath = "";
			projectRoot = "";
			targets = (
				688D26AE1D11FD370056DA1A /* iMessage-Framework-Sampler */,
				688D26C51D11FD5B0056DA1A /* DespicableMe-Stickers */,
				68F206641D125DD30077C010 /* Custom-Sticker */,
			);
		};
/* End PBXProject section */

/* Begin PBXResourcesBuildPhase section */
		688D26AD1D11FD370056DA1A /* Resources */ = {
			isa = PBXResourcesBuildPhase;
			buildActionMask = 2147483647;
			files = (
				688D26BD1D11FD370056DA1A /* LaunchScreen.storyboard in Resources */,
				688D26BA1D11FD370056DA1A /* Assets.xcassets in Resources */,
				688D26B81D11FD370056DA1A /* Main.storyboard in Resources */,
			);
			runOnlyForDeploymentPostprocessing = 0;
		};
		688D26C41D11FD5B0056DA1A /* Resources */ = {
			isa = PBXResourcesBuildPhase;
			buildActionMask = 2147483647;
			files = (
				688D26C91D11FD5B0056DA1A /* Stickers.xcassets in Resources */,
			);
			runOnlyForDeploymentPostprocessing = 0;
		};
		68F206631D125DD30077C010 /* Resources */ = {
			isa = PBXResourcesBuildPhase;
			buildActionMask = 2147483647;
			files = (
				68F206701D125DD30077C010 /* Assets.xcassets in Resources */,
				68F2066E1D125DD30077C010 /* MainInterface.storyboard in Resources */,
			);
			runOnlyForDeploymentPostprocessing = 0;
		};
/* End PBXResourcesBuildPhase section */

/* Begin PBXSourcesBuildPhase section */
		688D26AB1D11FD370056DA1A /* Sources */ = {
			isa = PBXSourcesBuildPhase;
			buildActionMask = 2147483647;
			files = (
				688D26B51D11FD370056DA1A /* ViewController.swift in Sources */,
				688D26B31D11FD370056DA1A /* AppDelegate.swift in Sources */,
			);
			runOnlyForDeploymentPostprocessing = 0;
		};
		68F206611D125DD30077C010 /* Sources */ = {
			isa = PBXSourcesBuildPhase;
			buildActionMask = 2147483647;
			files = (
				68F2066B1D125DD30077C010 /* MessagesViewController.swift in Sources */,
				689270661D138338005E8949 /* StickerCell.swift in Sources */,
			);
			runOnlyForDeploymentPostprocessing = 0;
		};
/* End PBXSourcesBuildPhase section */

/* Begin PBXTargetDependency section */
		688D26CC1D11FD5B0056DA1A /* PBXTargetDependency */ = {
			isa = PBXTargetDependency;
			target = 688D26C51D11FD5B0056DA1A /* DespicableMe-Stickers */;
			targetProxy = 688D26CB1D11FD5B0056DA1A /* PBXContainerItemProxy */;
		};
		68F206731D125DD30077C010 /* PBXTargetDependency */ = {
			isa = PBXTargetDependency;
			target = 68F206641D125DD30077C010 /* Custom-Sticker */;
			targetProxy = 68F206721D125DD30077C010 /* PBXContainerItemProxy */;
		};
/* End PBXTargetDependency section */

/* Begin PBXVariantGroup section */
		688D26B61D11FD370056DA1A /* Main.storyboard */ = {
			isa = PBXVariantGroup;
			children = (
				688D26B71D11FD370056DA1A /* Base */,
			);
			name = Main.storyboard;
			sourceTree = "<group>";
		};
		688D26BB1D11FD370056DA1A /* LaunchScreen.storyboard */ = {
			isa = PBXVariantGroup;
			children = (
				688D26BC1D11FD370056DA1A /* Base */,
			);
			name = LaunchScreen.storyboard;
			sourceTree = "<group>";
		};
		68F2066C1D125DD30077C010 /* MainInterface.storyboard */ = {
			isa = PBXVariantGroup;
			children = (
				68F2066D1D125DD30077C010 /* Base */,
			);
			name = MainInterface.storyboard;
			sourceTree = "<group>";
		};
/* End PBXVariantGroup section */

/* Begin XCBuildConfiguration section */
		688D26BF1D11FD370056DA1A /* Debug */ = {
			isa = XCBuildConfiguration;
			buildSettings = {
				ALWAYS_SEARCH_USER_PATHS = NO;
				CLANG_ANALYZER_NONNULL = YES;
				CLANG_CXX_LANGUAGE_STANDARD = "gnu++0x";
				CLANG_CXX_LIBRARY = "libc++";
				CLANG_ENABLE_MODULES = YES;
				CLANG_ENABLE_OBJC_ARC = YES;
				CLANG_WARN_BOOL_CONVERSION = YES;
				CLANG_WARN_CONSTANT_CONVERSION = YES;
				CLANG_WARN_DIRECT_OBJC_ISA_USAGE = YES_ERROR;
				CLANG_WARN_DOCUMENTATION_COMMENTS = YES;
				CLANG_WARN_EMPTY_BODY = YES;
				CLANG_WARN_ENUM_CONVERSION = YES;
				CLANG_WARN_INT_CONVERSION = YES;
				CLANG_WARN_OBJC_ROOT_CLASS = YES_ERROR;
				CLANG_WARN_UNREACHABLE_CODE = YES;
				CLANG_WARN__DUPLICATE_METHOD_MATCH = YES;
				"CODE_SIGN_IDENTITY[sdk=iphoneos*]" = "iPhone Developer";
				COPY_PHASE_STRIP = NO;
				DEBUG_INFORMATION_FORMAT = dwarf;
				ENABLE_STRICT_OBJC_MSGSEND = YES;
				ENABLE_TESTABILITY = YES;
				GCC_C_LANGUAGE_STANDARD = gnu99;
				GCC_DYNAMIC_NO_PIC = NO;
				GCC_NO_COMMON_BLOCKS = YES;
				GCC_OPTIMIZATION_LEVEL = 0;
				GCC_PREPROCESSOR_DEFINITIONS = (
					"DEBUG=1",
					"$(inherited)",
				);
				GCC_WARN_64_TO_32_BIT_CONVERSION = YES;
				GCC_WARN_ABOUT_RETURN_TYPE = YES_ERROR;
				GCC_WARN_UNDECLARED_SELECTOR = YES;
				GCC_WARN_UNINITIALIZED_AUTOS = YES_AGGRESSIVE;
				GCC_WARN_UNUSED_FUNCTION = YES;
				GCC_WARN_UNUSED_VARIABLE = YES;
				IPHONEOS_DEPLOYMENT_TARGET = 10.0;
				MTL_ENABLE_DEBUG_INFO = YES;
				ONLY_ACTIVE_ARCH = YES;
				SDKROOT = iphoneos;
				SWIFT_ACTIVE_COMPILATION_CONDITIONS = DEBUG;
				SWIFT_OPTIMIZATION_LEVEL = "-Onone";
				TARGETED_DEVICE_FAMILY = "1,2";
			};
			name = Debug;
		};
		688D26C01D11FD370056DA1A /* Release */ = {
			isa = XCBuildConfiguration;
			buildSettings = {
				ALWAYS_SEARCH_USER_PATHS = NO;
				CLANG_ANALYZER_NONNULL = YES;
				CLANG_CXX_LANGUAGE_STANDARD = "gnu++0x";
				CLANG_CXX_LIBRARY = "libc++";
				CLANG_ENABLE_MODULES = YES;
				CLANG_ENABLE_OBJC_ARC = YES;
				CLANG_WARN_BOOL_CONVERSION = YES;
				CLANG_WARN_CONSTANT_CONVERSION = YES;
				CLANG_WARN_DIRECT_OBJC_ISA_USAGE = YES_ERROR;
				CLANG_WARN_DOCUMENTATION_COMMENTS = YES;
				CLANG_WARN_EMPTY_BODY = YES;
				CLANG_WARN_ENUM_CONVERSION = YES;
				CLANG_WARN_INT_CONVERSION = YES;
				CLANG_WARN_OBJC_ROOT_CLASS = YES_ERROR;
				CLANG_WARN_UNREACHABLE_CODE = YES;
				CLANG_WARN__DUPLICATE_METHOD_MATCH = YES;
				"CODE_SIGN_IDENTITY[sdk=iphoneos*]" = "iPhone Developer";
				COPY_PHASE_STRIP = NO;
				DEBUG_INFORMATION_FORMAT = "dwarf-with-dsym";
				ENABLE_NS_ASSERTIONS = NO;
				ENABLE_STRICT_OBJC_MSGSEND = YES;
				GCC_C_LANGUAGE_STANDARD = gnu99;
				GCC_NO_COMMON_BLOCKS = YES;
				GCC_WARN_64_TO_32_BIT_CONVERSION = YES;
				GCC_WARN_ABOUT_RETURN_TYPE = YES_ERROR;
				GCC_WARN_UNDECLARED_SELECTOR = YES;
				GCC_WARN_UNINITIALIZED_AUTOS = YES_AGGRESSIVE;
				GCC_WARN_UNUSED_FUNCTION = YES;
				GCC_WARN_UNUSED_VARIABLE = YES;
				IPHONEOS_DEPLOYMENT_TARGET = 10.0;
				MTL_ENABLE_DEBUG_INFO = NO;
				SDKROOT = iphoneos;
				SWIFT_OPTIMIZATION_LEVEL = "-Owholemodule";
				TARGETED_DEVICE_FAMILY = "1,2";
				VALIDATE_PRODUCT = YES;
			};
			name = Release;
		};
		688D26C21D11FD370056DA1A /* Debug */ = {
			isa = XCBuildConfiguration;
			buildSettings = {
				ALWAYS_EMBED_SWIFT_STANDARD_LIBRARIES = YES;
				ASSETCATALOG_COMPILER_APPICON_NAME = AppIcon;
				INFOPLIST_FILE = "iMessage-Framework-Sampler/Info.plist";
				LD_RUNPATH_SEARCH_PATHS = "$(inherited) @executable_path/Frameworks";
				PRODUCT_BUNDLE_IDENTIFIER = "com.poojan.iMessage-Framework-Sampler";
				PRODUCT_NAME = "$(TARGET_NAME)";
				SWIFT_VERSION = 3.0;
			};
			name = Debug;
		};
		688D26C31D11FD370056DA1A /* Release */ = {
			isa = XCBuildConfiguration;
			buildSettings = {
				ALWAYS_EMBED_SWIFT_STANDARD_LIBRARIES = YES;
				ASSETCATALOG_COMPILER_APPICON_NAME = AppIcon;
				INFOPLIST_FILE = "iMessage-Framework-Sampler/Info.plist";
				LD_RUNPATH_SEARCH_PATHS = "$(inherited) @executable_path/Frameworks";
				PRODUCT_BUNDLE_IDENTIFIER = "com.poojan.iMessage-Framework-Sampler";
				PRODUCT_NAME = "$(TARGET_NAME)";
				SWIFT_VERSION = 3.0;
			};
			name = Release;
		};
		688D26CF1D11FD5B0056DA1A /* Debug */ = {
			isa = XCBuildConfiguration;
			buildSettings = {
				ASSETCATALOG_COMPILER_APPICON_NAME = "iMessage App Icon";
				INFOPLIST_FILE = "DespicableMe-Stickers/Info.plist";
				PRODUCT_BUNDLE_IDENTIFIER = "com.poojan.iMessage-Framework-Sampler.DespicableMe-Stickers";
				PRODUCT_NAME = "$(TARGET_NAME)";
				SKIP_INSTALL = YES;
			};
			name = Debug;
		};
		688D26D01D11FD5B0056DA1A /* Release */ = {
			isa = XCBuildConfiguration;
			buildSettings = {
				ASSETCATALOG_COMPILER_APPICON_NAME = "iMessage App Icon";
				INFOPLIST_FILE = "DespicableMe-Stickers/Info.plist";
				PRODUCT_BUNDLE_IDENTIFIER = "com.poojan.iMessage-Framework-Sampler.DespicableMe-Stickers";
				PRODUCT_NAME = "$(TARGET_NAME)";
				SKIP_INSTALL = YES;
			};
			name = Release;
		};
		68F206751D125DD30077C010 /* Debug */ = {
			isa = XCBuildConfiguration;
			buildSettings = {
				ASSETCATALOG_COMPILER_APPICON_NAME = "iMessage App Icon";
				INFOPLIST_FILE = "Custom-Sticker/Info.plist";
				LD_RUNPATH_SEARCH_PATHS = "$(inherited) @executable_path/Frameworks @executable_path/../../Frameworks";
				PRODUCT_BUNDLE_IDENTIFIER = "com.poojan.iMessage-Framework-Sampler.Custom-Sticker";
				PRODUCT_NAME = "$(TARGET_NAME)";
				SKIP_INSTALL = YES;
				SWIFT_VERSION = 3.0;
			};
			name = Debug;
		};
		68F206761D125DD30077C010 /* Release */ = {
			isa = XCBuildConfiguration;
			buildSettings = {
				ASSETCATALOG_COMPILER_APPICON_NAME = "iMessage App Icon";
				INFOPLIST_FILE = "Custom-Sticker/Info.plist";
				LD_RUNPATH_SEARCH_PATHS = "$(inherited) @executable_path/Frameworks @executable_path/../../Frameworks";
				PRODUCT_BUNDLE_IDENTIFIER = "com.poojan.iMessage-Framework-Sampler.Custom-Sticker";
				PRODUCT_NAME = "$(TARGET_NAME)";
				SKIP_INSTALL = YES;
				SWIFT_VERSION = 3.0;
			};
			name = Release;
		};
/* End XCBuildConfiguration section */

/* Begin XCConfigurationList section */
		688D26AA1D11FD370056DA1A /* Build configuration list for PBXProject "iMessage-Framework-Sampler" */ = {
			isa = XCConfigurationList;
			buildConfigurations = (
				688D26BF1D11FD370056DA1A /* Debug */,
				688D26C01D11FD370056DA1A /* Release */,
			);
			defaultConfigurationIsVisible = 0;
			defaultConfigurationName = Release;
		};
		688D26C11D11FD370056DA1A /* Build configuration list for PBXNativeTarget "iMessage-Framework-Sampler" */ = {
			isa = XCConfigurationList;
			buildConfigurations = (
				688D26C21D11FD370056DA1A /* Debug */,
				688D26C31D11FD370056DA1A /* Release */,
			);
			defaultConfigurationIsVisible = 0;
			defaultConfigurationName = Release;
		};
		688D26CE1D11FD5B0056DA1A /* Build configuration list for PBXNativeTarget "DespicableMe-Stickers" */ = {
			isa = XCConfigurationList;
			buildConfigurations = (
				688D26CF1D11FD5B0056DA1A /* Debug */,
				688D26D01D11FD5B0056DA1A /* Release */,
			);
			defaultConfigurationIsVisible = 0;
			defaultConfigurationName = Release;
		};
		68F206771D125DD30077C010 /* Build configuration list for PBXNativeTarget "Custom-Sticker" */ = {
			isa = XCConfigurationList;
			buildConfigurations = (
				68F206751D125DD30077C010 /* Debug */,
				68F206761D125DD30077C010 /* Release */,
			);
			defaultConfigurationIsVisible = 0;
			defaultConfigurationName = Release;
		};
/* End XCConfigurationList section */
	};
	rootObject = 688D26A71D11FD370056DA1A /* Project object */;
}
